<?xml version="1.0" encoding="utf-8"?>
<Project ToolsVersion="17.0" xmlns="http://schemas.microsoft.com/developer/msbuild/2003">
  <ItemGroup>
    <ClCompile Include="D:\Dev\repos\graphics-programming-2022\exercises\exercise_1_solutions\exercise_1_8_sol\main.cpp">
      <Filter>Source Files</Filter>
    </ClCompile>
  </ItemGroup>
  <ItemGroup>
    <CustomBuild Include="D:\Dev\repos\graphics-programming-2022\exercises\exercise_1_solutions\CMakeLists.txt" />
  </ItemGroup>
  <ItemGroup>
    <Filter Include="Source Files">
      <UniqueIdentifier>{98149C14-CC0B-324C-B1A8-2691DE339AC5}</UniqueIdentifier>
    </Filter>
  </ItemGroup>
</Project>
